{
  "object": {
    "pins": [
      {
        "package": "AnyCodable",
        "repositoryURL": "https://github.com/Flight-School/AnyCodable",
        "state": {
          "branch": null,
          "revision": "1f5d3f1e1bee336190754dfcb5e8120b767ab361",
          "version": "0.2.2"
        }
      },
      {
        "package": "BoxKit",
        "repositoryURL": "https://github.com/utrpanic/box-kit-ios",
        "state": {
          "branch": null,
          "revision": "5a8e6aeefe10622be2c87d7e31ea4bea8249a112",
          "version": "2.1.3"
        }
      }
    ]
  },
  "version": 1
}
